<?xml version="1.0" encoding="utf-8"?>
<Project ToolsVersion="4.0" xmlns="http://schemas.microsoft.com/developer/msbuild/2003">
  <ItemGroup>
    <Filter Include="Source Files">
      <UniqueIdentifier>{4FC737F1-C7A5-4376-A066-2A32D752A2FF}</UniqueIdentifier>
      <Extensions>cpp;c;cc;cxx;c++;cppm;ixx;def;odl;idl;hpj;bat;asm;asmx</Extensions>
    </Filter>
    <Filter Include="Header Files">
      <UniqueIdentifier>{93995380-89BD-4b04-88EB-625FBE52EBFB}</UniqueIdentifier>
      <Extensions>h;hh;hpp;hxx;h++;hm;inl;inc;ipp;xsd</Extensions>
    </Filter>
    <Filter Include="Resource Files">
      <UniqueIdentifier>{67DA6AB6-F800-4c08-8B7A-83BB121AAD01}</UniqueIdentifier>
      <Extensions>rc;ico;cur;bmp;dlg;rc2;rct;bin;rgs;gif;jpg;jpeg;jpe;resx;tiff;tif;png;wav;mfcribbon-ms</Extensions>
    </Filter>
  </ItemGroup>
  <ItemGroup>
    <ClCompile Include="src\dllmain.cpp">
      <Filter>Source Files</Filter>
    </ClCompile>
    <ClCompile Include="thirdparty\crashlog\src\address.cpp">
      <Filter>Source Files</Filter>
    </ClCompile>
    <ClCompile Include="thirdparty\crashlog\src\crashlog.cpp">
      <Filter>Source Files</Filter>
    </ClCompile>
    <ClCompile Include="thirdparty\crashlog\src\win64\exception.cpp">
      <Filter>Source Files</Filter>
    </ClCompile>
    <ClCompile Include="thirdparty\crashlog\src\win64\parser.cpp">
      <Filter>Source Files</Filter>
    </ClCompile>
    <ClCompile Include="thirdparty\crashlog\src\win64\stacktrace.cpp">
      <Filter>Source Files</Filter>
    </ClCompile>
    <ClCompile Include="thirdparty\crashlog\src\win64\symbols.cpp">
      <Filter>Source Files</Filter>
    </ClCompile>
    <ClCompile Include="thirdparty\minhook\src\buffer.c">
      <Filter>Source Files</Filter>
    </ClCompile>
    <ClCompile Include="thirdparty\minhook\src\hook.c">
      <Filter>Source Files</Filter>
    </ClCompile>
    <ClCompile Include="thirdparty\minhook\src\trampoline.c">
      <Filter>Source Files</Filter>
    </ClCompile>
    <ClCompile Include="thirdparty\minhook\src\hde\hde32.c">
      <Filter>Source Files</Filter>
    </ClCompile>
    <ClCompile Include="thirdparty\minhook\src\hde\hde64.c">
      <Filter>Source Files</Filter>
    </ClCompile>
    <ClCompile Include="thirdparty\miniz\miniz.c">
      <Filter>Source Files</Filter>
    </ClCompile>
  </ItemGroup>
  <ItemGroup>
    <ClInclude Include="thirdparty\crashlog\include\address.hpp">
      <Filter>Header Files</Filter>
    </ClInclude>
    <ClInclude Include="thirdparty\crashlog\include\crashlog.hpp">
      <Filter>Header Files</Filter>
    </ClInclude>
    <ClInclude Include="thirdparty\crashlog\include\exception.hpp">
      <Filter>Header Files</Filter>
    </ClInclude>
    <ClInclude Include="thirdparty\crashlog\include\win64\exception.hpp">
      <Filter>Header Files</Filter>
    </ClInclude>
    <ClInclude Include="thirdparty\crashlog\include\win64\parser.hpp">
      <Filter>Header Files</Filter>
    </ClInclude>
    <ClInclude Include="thirdparty\crashlog\include\win64\stacktrace.hpp">
      <Filter>Header Files</Filter>
    </ClInclude>
    <ClInclude Include="thirdparty\crashlog\include\win64\symbols.hpp">
      <Filter>Header Files</Filter>
    </ClInclude>
    <ClInclude Include="thirdparty\jdk\include\classfile_constants.h">
      <Filter>Header Files</Filter>
    </ClInclude>
    <ClInclude Include="thirdparty\jdk\include\jawt.h">
      <Filter>Header Files</Filter>
    </ClInclude>
    <ClInclude Include="thirdparty\jdk\include\jawt_md.h">
      <Filter>Header Files</Filter>
    </ClInclude>
    <ClInclude Include="thirdparty\jdk\include\jdwpTransport.h">
      <Filter>Header Files</Filter>
    </ClInclude>
    <ClInclude Include="thirdparty\jdk\include\jni.h">
      <Filter>Header Files</Filter>
    </ClInclude>
    <ClInclude Include="thirdparty\jdk\include\jni_md.h">
      <Filter>Header Files</Filter>
    </ClInclude>
    <ClInclude Include="thirdparty\jdk\include\jvmti.h">
      <Filter>Header Files</Filter>
    </ClInclude>
    <ClInclude Include="thirdparty\jdk\include\jvmticmlr.h">
      <Filter>Header Files</Filter>
    </ClInclude>
    <ClInclude Include="thirdparty\minhook\src\buffer.h">
      <Filter>Header Files</Filter>
    </ClInclude>
    <ClInclude Include="thirdparty\minhook\src\trampoline.h">
      <Filter>Header Files</Filter>
    </ClInclude>
    <ClInclude Include="thirdparty\minhook\src\hde\hde32.h">
      <Filter>Header Files</Filter>
    </ClInclude>
    <ClInclude Include="thirdparty\minhook\src\hde\hde64.h">
      <Filter>Header Files</Filter>
    </ClInclude>
    <ClInclude Include="thirdparty\minhook\src\hde\pstdint.h">
      <Filter>Header Files</Filter>
    </ClInclude>
    <ClInclude Include="thirdparty\minhook\src\hde\table32.h">
      <Filter>Header Files</Filter>
    </ClInclude>
    <ClInclude Include="thirdparty\minhook\src\hde\table64.h">
      <Filter>Header Files</Filter>
    </ClInclude>
    <ClInclude Include="thirdparty\minhook\include\MinHook.h">
      <Filter>Header Files</Filter>
    </ClInclude>
    <ClInclude Include="src\handler\console.h">
      <Filter>Header Files</Filter>
    </ClInclude>
    <ClInclude Include="src\handler\jni.h">
      <Filter>Header Files</Filter>
    </ClInclude>
    <ClInclude Include="src\handler\exception.h">
      <Filter>Header Files</Filter>
    </ClInclude>
    <ClInclude Include="src\handler\hook.h">
      <Filter>Header Files</Filter>
    </ClInclude>
    <ClInclude Include="src\common\string_obfuscation.h">
      <Filter>Header Files</Filter>
    </ClInclude>
    <ClInclude Include="src\core\class_parser.h">
      <Filter>Header Files</Filter>
    </ClInclude>
    <ClInclude Include="src\core\jar_loader.h">
      <Filter>Header Files</Filter>
    </ClInclude>
    <ClInclude Include="src\common\data.h">
      <Filter>Header Files</Filter>
    </ClInclude>
    <ClInclude Include="thirdparty\miniz\miniz.h">
      <Filter>Header Files</Filter>
    </ClInclude>
  </ItemGroup>
  <ItemGroup>
    <Library Include="thirdparty\jdk\lib\jawt.lib" />
    <Library Include="thirdparty\jdk\lib\jvm.lib" />
  </ItemGroup>
</Project>